// !$*UTF8*$!
{
	archiveVersion = 1;
	classes = {
	};
	objectVersion = 46;
	objects = {

/* Begin PBXBuildFile section */
		221BEE9D18BBFAC30089B879 /* cpp_lexer.c in Sources */ = {isa = PBXBuildFile; fileRef = 221BEE9C18BBFAC30089B879 /* cpp_lexer.c */; };
		221E02DB18BB972700EA4571 /* libcapstone.a in Frameworks */ = {isa = PBXBuildFile; fileRef = 221E02DA18BB972700EA4571 /* libcapstone.a */; };
		221E02FB18BBBC5800EA4571 /* arch.c in Sources */ = {isa = PBXBuildFile; fileRef = 221E02FA18BBBC5800EA4571 /* arch.c */; };
		22345EFA18B95AE100FC106D /* diff.c in Sources */ = {isa = PBXBuildFile; fileRef = 22345EF918B95AE100FC106D /* diff.c */; };
		22345EFC18B95EC300FC106D /* libobjc.dylib in Frameworks */ = {isa = PBXBuildFile; fileRef = 22345EFB18B95EC200FC106D /* libobjc.dylib */; };
		2234603818BA822000FC106D /* compare.c in Sources */ = {isa = PBXBuildFile; fileRef = 2234603718BA822000FC106D /* compare.c */; };
		22B2BD6718CB7EB1002A4A69 /* reader.c in Sources */ = {isa = PBXBuildFile; fileRef = 22B2BD6618CB7EB1002A4A69 /* reader.c */; };
		22B2C59018CD4945002A4A69 /* eh_frame.c in Sources */ = {isa = PBXBuildFile; fileRef = 22B2C58F18CD4945002A4A69 /* eh_frame.c */; };
		22B2C5AF18CFE819002A4A69 /* objc.c in Sources */ = {isa = PBXBuildFile; fileRef = 22B2C5AE18CFE819002A4A69 /* objc.c */; };
		22B2C5B318CFE9A9002A4A69 /* subroutine.c in Sources */ = {isa = PBXBuildFile; fileRef = 22B2C5B218CFE9A9002A4A69 /* subroutine.c */; };
		22B2C5B618CFEBF0002A4A69 /* map.c in Sources */ = {isa = PBXBuildFile; fileRef = 22B2C5B518CFEBF0002A4A69 /* map.c */; };
		22B2C5B918CFEE84002A4A69 /* symbol.c in Sources */ = {isa = PBXBuildFile; fileRef = 22B2C5B818CFEE84002A4A69 /* symbol.c */; };
		22B7479718B8F5310019BC58 /* main.c in Sources */ = {isa = PBXBuildFile; fileRef = 22B7479618B8F5310019BC58 /* main.c */; };
		22B747C018B903710019BC58 /* loader.c in Sources */ = {isa = PBXBuildFile; fileRef = 22B747B818B903710019BC58 /* loader.c */; };
		22B747C118B903710019BC58 /* objc_lexer.c in Sources */ = {isa = PBXBuildFile; fileRef = 22B747BA18B903710019BC58 /* objc_lexer.c */; };
		22B747C218B903710019BC58 /* objc_runtime.c in Sources */ = {isa = PBXBuildFile; fileRef = 22B747BC18B903710019BC58 /* objc_runtime.c */; };
/* End PBXBuildFile section */

/* Begin PBXFileReference section */
		221BEE9C18BBFAC30089B879 /* cpp_lexer.c */ = {isa = PBXFileReference; fileEncoding = 4; lastKnownFileType = sourcecode.c.c; path = cpp_lexer.c; sourceTree = "<group>"; };
		221BEE9E18BBFAD50089B879 /* cpp_lexer.h */ = {isa = PBXFileReference; lastKnownFileType = sourcecode.c.h; path = cpp_lexer.h; sourceTree = "<group>"; };
		221BEE9F18BBFB5C0089B879 /* lexer.h */ = {isa = PBXFileReference; lastKnownFileType = sourcecode.c.h; path = lexer.h; sourceTree = "<group>"; };
		221E02D418BB95BB00EA4571 /* arm.h */ = {isa = PBXFileReference; fileEncoding = 4; lastKnownFileType = sourcecode.c.h; path = arm.h; sourceTree = "<group>"; };
		221E02D518BB95BB00EA4571 /* arm64.h */ = {isa = PBXFileReference; fileEncoding = 4; lastKnownFileType = sourcecode.c.h; path = arm64.h; sourceTree = "<group>"; };
		221E02D618BB95BB00EA4571 /* capstone.h */ = {isa = PBXFileReference; fileEncoding = 4; lastKnownFileType = sourcecode.c.h; path = capstone.h; sourceTree = "<group>"; };
		221E02D718BB95BB00EA4571 /* mips.h */ = {isa = PBXFileReference; fileEncoding = 4; lastKnownFileType = sourcecode.c.h; path = mips.h; sourceTree = "<group>"; };
		221E02D818BB95BB00EA4571 /* ppc.h */ = {isa = PBXFileReference; fileEncoding = 4; lastKnownFileType = sourcecode.c.h; path = ppc.h; sourceTree = "<group>"; };
		221E02D918BB95BB00EA4571 /* x86.h */ = {isa = PBXFileReference; fileEncoding = 4; lastKnownFileType = sourcecode.c.h; path = x86.h; sourceTree = "<group>"; };
		221E02DA18BB972700EA4571 /* libcapstone.a */ = {isa = PBXFileReference; lastKnownFileType = archive.ar; name = libcapstone.a; path = ../Universal/libcapstone.a; sourceTree = BUILT_PRODUCTS_DIR; };
		221E02F918BBBC5100EA4571 /* arch.h */ = {isa = PBXFileReference; lastKnownFileType = sourcecode.c.h; path = arch.h; sourceTree = "<group>"; };
		221E02FA18BBBC5800EA4571 /* arch.c */ = {isa = PBXFileReference; fileEncoding = 4; lastKnownFileType = sourcecode.c.c; path = arch.c; sourceTree = "<group>"; };
		22345EF818B95AD100FC106D /* diff.h */ = {isa = PBXFileReference; lastKnownFileType = sourcecode.c.h; path = diff.h; sourceTree = "<group>"; };
		22345EF918B95AE100FC106D /* diff.c */ = {isa = PBXFileReference; fileEncoding = 4; lastKnownFileType = sourcecode.c.c; path = diff.c; sourceTree = "<group>"; };
		22345EFB18B95EC200FC106D /* libobjc.dylib */ = {isa = PBXFileReference; lastKnownFileType = "compiled.mach-o.dylib"; name = libobjc.dylib; path = usr/lib/libobjc.dylib; sourceTree = SDKROOT; };
		2234603618BA821800FC106D /* compare.h */ = {isa = PBXFileReference; lastKnownFileType = sourcecode.c.h; path = compare.h; sourceTree = "<group>"; };
		2234603718BA822000FC106D /* compare.c */ = {isa = PBXFileReference; fileEncoding = 4; lastKnownFileType = sourcecode.c.c; path = compare.c; sourceTree = "<group>"; };
		22B2BD6518CB7EA8002A4A69 /* reader.h */ = {isa = PBXFileReference; lastKnownFileType = sourcecode.c.h; path = reader.h; sourceTree = "<group>"; };
		22B2BD6618CB7EB1002A4A69 /* reader.c */ = {isa = PBXFileReference; fileEncoding = 4; lastKnownFileType = sourcecode.c.c; path = reader.c; sourceTree = "<group>"; };
		22B2C58E18CD4938002A4A69 /* eh_frame.h */ = {isa = PBXFileReference; lastKnownFileType = sourcecode.c.h; path = eh_frame.h; sourceTree = "<group>"; };
		22B2C58F18CD4945002A4A69 /* eh_frame.c */ = {isa = PBXFileReference; fileEncoding = 4; lastKnownFileType = sourcecode.c.c; path = eh_frame.c; sourceTree = "<group>"; };
		22B2C5AD18CFE805002A4A69 /* objc.h */ = {isa = PBXFileReference; lastKnownFileType = sourcecode.c.h; path = objc.h; sourceTree = "<group>"; };
		22B2C5AE18CFE819002A4A69 /* objc.c */ = {isa = PBXFileReference; fileEncoding = 4; lastKnownFileType = sourcecode.c.c; path = objc.c; sourceTree = "<group>"; };
		22B2C5B018CFE892002A4A69 /* loader_type.h */ = {isa = PBXFileReference; lastKnownFileType = sourcecode.c.h; path = loader_type.h; sourceTree = "<group>"; };
		22B2C5B118CFE99A002A4A69 /* subroutine.h */ = {isa = PBXFileReference; lastKnownFileType = sourcecode.c.h; path = subroutine.h; sourceTree = "<group>"; };
		22B2C5B218CFE9A9002A4A69 /* subroutine.c */ = {isa = PBXFileReference; fileEncoding = 4; lastKnownFileType = sourcecode.c.c; path = subroutine.c; sourceTree = "<group>"; };
		22B2C5B418CFEBE5002A4A69 /* map.h */ = {isa = PBXFileReference; lastKnownFileType = sourcecode.c.h; path = map.h; sourceTree = "<group>"; };
		22B2C5B518CFEBF0002A4A69 /* map.c */ = {isa = PBXFileReference; fileEncoding = 4; lastKnownFileType = sourcecode.c.c; path = map.c; sourceTree = "<group>"; };
		22B2C5B718CFEE7C002A4A69 /* symbol.h */ = {isa = PBXFileReference; lastKnownFileType = sourcecode.c.h; path = symbol.h; sourceTree = "<group>"; };
		22B2C5B818CFEE84002A4A69 /* symbol.c */ = {isa = PBXFileReference; fileEncoding = 4; lastKnownFileType = sourcecode.c.c; path = symbol.c; sourceTree = "<group>"; };
		22B2C5BB18CFF13F002A4A69 /* file_include.h */ = {isa = PBXFileReference; lastKnownFileType = sourcecode.c.h; path = file_include.h; sourceTree = "<group>"; };
		22B2C5BC18CFF655002A4A69 /* link_include.h */ = {isa = PBXFileReference; lastKnownFileType = sourcecode.c.h; path = link_include.h; sourceTree = "<group>"; };
		22B7479018B8F5310019BC58 /* machodiff */ = {isa = PBXFileReference; explicitFileType = "compiled.mach-o.executable"; includeInIndex = 0; path = machodiff; sourceTree = BUILT_PRODUCTS_DIR; };
		22B7479618B8F5310019BC58 /* main.c */ = {isa = PBXFileReference; lastKnownFileType = sourcecode.c.c; path = main.c; sourceTree = "<group>"; };
		22B7479818B8F5310019BC58 /* machodiff.1 */ = {isa = PBXFileReference; lastKnownFileType = text.man; path = machodiff.1; sourceTree = "<group>"; };
		22B747B318B903080019BC58 /* util.h */ = {isa = PBXFileReference; fileEncoding = 4; lastKnownFileType = sourcecode.c.h; path = util.h; sourceTree = "<group>"; };
		22B747B818B903710019BC58 /* loader.c */ = {isa = PBXFileReference; fileEncoding = 4; lastKnownFileType = sourcecode.c.c; path = loader.c; sourceTree = "<group>"; };
		22B747B918B903710019BC58 /* loader.h */ = {isa = PBXFileReference; fileEncoding = 4; lastKnownFileType = sourcecode.c.h; path = loader.h; sourceTree = "<group>"; };
		22B747BA18B903710019BC58 /* objc_lexer.c */ = {isa = PBXFileReference; fileEncoding = 4; lastKnownFileType = sourcecode.c.c; path = objc_lexer.c; sourceTree = "<group>"; };
		22B747BB18B903710019BC58 /* objc_lexer.h */ = {isa = PBXFileReference; fileEncoding = 4; lastKnownFileType = sourcecode.c.h; path = objc_lexer.h; sourceTree = "<group>"; };
		22B747BC18B903710019BC58 /* objc_runtime.c */ = {isa = PBXFileReference; fileEncoding = 4; lastKnownFileType = sourcecode.c.c; path = objc_runtime.c; sourceTree = "<group>"; };
		22B747BD18B903710019BC58 /* objc_runtime.h */ = {isa = PBXFileReference; fileEncoding = 4; lastKnownFileType = sourcecode.c.h; path = objc_runtime.h; sourceTree = "<group>"; };
		22B747BE18B903710019BC58 /* objc1_runtime.h */ = {isa = PBXFileReference; fileEncoding = 4; lastKnownFileType = sourcecode.c.h; path = objc1_runtime.h; sourceTree = "<group>"; };
		22B747BF18B903710019BC58 /* objc2_runtime.h */ = {isa = PBXFileReference; fileEncoding = 4; lastKnownFileType = sourcecode.c.h; path = objc2_runtime.h; sourceTree = "<group>"; };
/* End PBXFileReference section */

/* Begin PBXFrameworksBuildPhase section */
		22B7478D18B8F5310019BC58 /* Frameworks */ = {
			isa = PBXFrameworksBuildPhase;
			buildActionMask = 2147483647;
			files = (
				221E02DB18BB972700EA4571 /* libcapstone.a in Frameworks */,
				22345EFC18B95EC300FC106D /* libobjc.dylib in Frameworks */,
			);
			runOnlyForDeploymentPostprocessing = 0;
		};
/* End PBXFrameworksBuildPhase section */

/* Begin PBXGroup section */
		221E02D318BB95BB00EA4571 /* include */ = {
			isa = PBXGroup;
			children = (
				221E02D418BB95BB00EA4571 /* arm.h */,
				221E02D518BB95BB00EA4571 /* arm64.h */,
				221E02D618BB95BB00EA4571 /* capstone.h */,
				221E02D718BB95BB00EA4571 /* mips.h */,
				221E02D818BB95BB00EA4571 /* ppc.h */,
				221E02D918BB95BB00EA4571 /* x86.h */,
			);
			name = include;
			path = capstone/include;
			sourceTree = "<group>";
		};
		22B2C5BD18CFF712002A4A69 /* lexing */ = {
			isa = PBXGroup;
			children = (
				221BEE9F18BBFB5C0089B879 /* lexer.h */,
				22B747BB18B903710019BC58 /* objc_lexer.h */,
				22B747BA18B903710019BC58 /* objc_lexer.c */,
				221BEE9E18BBFAD50089B879 /* cpp_lexer.h */,
				221BEE9C18BBFAC30089B879 /* cpp_lexer.c */,
			);
			name = lexing;
			sourceTree = "<group>";
		};
		22B2C5BE18CFF727002A4A69 /* diff */ = {
			isa = PBXGroup;
			children = (
				22345EF818B95AD100FC106D /* diff.h */,
				22345EF918B95AE100FC106D /* diff.c */,
				2234603618BA821800FC106D /* compare.h */,
				2234603718BA822000FC106D /* compare.c */,
			);
			name = diff;
			sourceTree = "<group>";
		};
		22B7478718B8F5310019BC58 = {
			isa = PBXGroup;
			children = (
				221E02D318BB95BB00EA4571 /* include */,
				22B7479518B8F5310019BC58 /* machodiff */,
				22B7479218B8F5310019BC58 /* Link */,
				22B7479118B8F5310019BC58 /* Products */,
			);
			sourceTree = "<group>";
		};
		22B7479118B8F5310019BC58 /* Products */ = {
			isa = PBXGroup;
			children = (
				22B7479018B8F5310019BC58 /* machodiff */,
			);
			name = Products;
			sourceTree = "<group>";
		};
		22B7479218B8F5310019BC58 /* Link */ = {
			isa = PBXGroup;
			children = (
				221E02DA18BB972700EA4571 /* libcapstone.a */,
				22345EFB18B95EC200FC106D /* libobjc.dylib */,
			);
			name = Link;
			sourceTree = "<group>";
		};
		22B7479518B8F5310019BC58 /* machodiff */ = {
			isa = PBXGroup;
			children = (
				22B747B318B903080019BC58 /* util.h */,
				22B2BD6518CB7EA8002A4A69 /* reader.h */,
				22B2BD6618CB7EB1002A4A69 /* reader.c */,
				22B2C5BB18CFF13F002A4A69 /* file_include.h */,
				22B2C5BC18CFF655002A4A69 /* link_include.h */,
				22B2C5BE18CFF727002A4A69 /* diff */,
				22B2C5BD18CFF712002A4A69 /* lexing */,
				22B747B718B9030D0019BC58 /* mach-o */,
				22B7479618B8F5310019BC58 /* main.c */,
				22B7479818B8F5310019BC58 /* machodiff.1 */,
			);
			path = machodiff;
			sourceTree = "<group>";
		};
		22B747B718B9030D0019BC58 /* mach-o */ = {
			isa = PBXGroup;
			children = (
				22B2C5B018CFE892002A4A69 /* loader_type.h */,
				22B747B918B903710019BC58 /* loader.h */,
				22B747B818B903710019BC58 /* loader.c */,
				221E02F918BBBC5100EA4571 /* arch.h */,
				221E02FA18BBBC5800EA4571 /* arch.c */,
				22B2C58E18CD4938002A4A69 /* eh_frame.h */,
				22B2C58F18CD4945002A4A69 /* eh_frame.c */,
				22B2C5AD18CFE805002A4A69 /* objc.h */,
				22B2C5AE18CFE819002A4A69 /* objc.c */,
				22B2C5B118CFE99A002A4A69 /* subroutine.h */,
				22B2C5B218CFE9A9002A4A69 /* subroutine.c */,
				22B2C5B418CFEBE5002A4A69 /* map.h */,
				22B2C5B518CFEBF0002A4A69 /* map.c */,
				22B2C5B718CFEE7C002A4A69 /* symbol.h */,
				22B2C5B818CFEE84002A4A69 /* symbol.c */,
				22B747BD18B903710019BC58 /* objc_runtime.h */,
				22B747BE18B903710019BC58 /* objc1_runtime.h */,
				22B747BF18B903710019BC58 /* objc2_runtime.h */,
				22B747BC18B903710019BC58 /* objc_runtime.c */,
			);
			name = "mach-o";
			sourceTree = "<group>";
		};
/* End PBXGroup section */

/* Begin PBXNativeTarget section */
		22B7478F18B8F5310019BC58 /* machodiff */ = {
			isa = PBXNativeTarget;
			buildConfigurationList = 22B7479C18B8F5310019BC58 /* Build configuration list for PBXNativeTarget "machodiff" */;
			buildPhases = (
				22B7478C18B8F5310019BC58 /* Sources */,
				22B7478D18B8F5310019BC58 /* Frameworks */,
			);
			buildRules = (
			);
			dependencies = (
			);
			name = machodiff;
			productName = machodiff;
			productReference = 22B7479018B8F5310019BC58 /* machodiff */;
			productType = "com.apple.product-type.tool";
		};
/* End PBXNativeTarget section */

/* Begin PBXProject section */
		22B7478818B8F5310019BC58 /* Project object */ = {
			isa = PBXProject;
			attributes = {
				LastUpgradeCheck = 0510;
				ORGANIZATIONNAME = "Sam Marshall";
			};
			buildConfigurationList = 22B7478B18B8F5310019BC58 /* Build configuration list for PBXProject "machodiff" */;
			compatibilityVersion = "Xcode 3.2";
			developmentRegion = English;
			hasScannedForEncodings = 0;
			knownRegions = (
				en,
			);
			mainGroup = 22B7478718B8F5310019BC58;
			productRefGroup = 22B7479118B8F5310019BC58 /* Products */;
			projectDirPath = "";
			projectRoot = "";
			targets = (
				22B7478F18B8F5310019BC58 /* machodiff */,
			);
		};
/* End PBXProject section */

/* Begin PBXSourcesBuildPhase section */
		22B7478C18B8F5310019BC58 /* Sources */ = {
			isa = PBXSourcesBuildPhase;
			buildActionMask = 2147483647;
			files = (
				22B747C118B903710019BC58 /* objc_lexer.c in Sources */,
				22B2C5B618CFEBF0002A4A69 /* map.c in Sources */,
				22B2C5B318CFE9A9002A4A69 /* subroutine.c in Sources */,
				221E02FB18BBBC5800EA4571 /* arch.c in Sources */,
				22B747C218B903710019BC58 /* objc_runtime.c in Sources */,
				22B747C018B903710019BC58 /* loader.c in Sources */,
				22B2C59018CD4945002A4A69 /* eh_frame.c in Sources */,
				22B2C5AF18CFE819002A4A69 /* objc.c in Sources */,
				22B2BD6718CB7EB1002A4A69 /* reader.c in Sources */,
				2234603818BA822000FC106D /* compare.c in Sources */,
				22345EFA18B95AE100FC106D /* diff.c in Sources */,
				221BEE9D18BBFAC30089B879 /* cpp_lexer.c in Sources */,
				22B7479718B8F5310019BC58 /* main.c in Sources */,
				22B2C5B918CFEE84002A4A69 /* symbol.c in Sources */,
			);
			runOnlyForDeploymentPostprocessing = 0;
		};
/* End PBXSourcesBuildPhase section */

/* Begin XCBuildConfiguration section */
		22B7479A18B8F5310019BC58 /* Debug */ = {
			isa = XCBuildConfiguration;
			buildSettings = {
				ALWAYS_SEARCH_USER_PATHS = NO;
				ARCHS = "$(ARCHS_STANDARD_32_64_BIT)";
				CLANG_CXX_LANGUAGE_STANDARD = "gnu++0x";
				CLANG_CXX_LIBRARY = "libc++";
				CLANG_ENABLE_OBJC_ARC = YES;
				CLANG_WARN_BOOL_CONVERSION = YES;
				CLANG_WARN_CONSTANT_CONVERSION = YES;
				CLANG_WARN_DIRECT_OBJC_ISA_USAGE = YES_ERROR;
				CLANG_WARN_EMPTY_BODY = YES;
				CLANG_WARN_ENUM_CONVERSION = YES;
				CLANG_WARN_INT_CONVERSION = YES;
				CLANG_WARN_OBJC_ROOT_CLASS = YES_ERROR;
				CLANG_WARN__DUPLICATE_METHOD_MATCH = YES;
				CODE_SIGN_IDENTITY = "Developer ID Application";
				COPY_PHASE_STRIP = NO;
				GCC_C_LANGUAGE_STANDARD = gnu99;
				GCC_DYNAMIC_NO_PIC = NO;
				GCC_ENABLE_OBJC_EXCEPTIONS = YES;
				GCC_OPTIMIZATION_LEVEL = 0;
				GCC_PREPROCESSOR_DEFINITIONS = (
					"DEBUG=1",
					"$(inherited)",
				);
				GCC_SYMBOLS_PRIVATE_EXTERN = NO;
				GCC_WARN_64_TO_32_BIT_CONVERSION = YES;
				GCC_WARN_ABOUT_RETURN_TYPE = YES_ERROR;
				GCC_WARN_UNDECLARED_SELECTOR = YES;
				GCC_WARN_UNINITIALIZED_AUTOS = YES_AGGRESSIVE;
				GCC_WARN_UNUSED_FUNCTION = YES;
				GCC_WARN_UNUSED_VARIABLE = YES;
				MACOSX_DEPLOYMENT_TARGET = 10.6;
				ONLY_ACTIVE_ARCH = NO;
				SDKROOT = macosx;
			};
			name = Debug;
		};
		22B7479B18B8F5310019BC58 /* Release */ = {
			isa = XCBuildConfiguration;
			buildSettings = {
				ALWAYS_SEARCH_USER_PATHS = NO;
				ARCHS = "$(ARCHS_STANDARD_32_64_BIT)";
				CLANG_CXX_LANGUAGE_STANDARD = "gnu++0x";
				CLANG_CXX_LIBRARY = "libc++";
				CLANG_ENABLE_OBJC_ARC = YES;
				CLANG_WARN_BOOL_CONVERSION = YES;
				CLANG_WARN_CONSTANT_CONVERSION = YES;
				CLANG_WARN_DIRECT_OBJC_ISA_USAGE = YES_ERROR;
				CLANG_WARN_EMPTY_BODY = YES;
				CLANG_WARN_ENUM_CONVERSION = YES;
				CLANG_WARN_INT_CONVERSION = YES;
				CLANG_WARN_OBJC_ROOT_CLASS = YES_ERROR;
				CLANG_WARN__DUPLICATE_METHOD_MATCH = YES;
				CODE_SIGN_IDENTITY = "Developer ID Application";
				COPY_PHASE_STRIP = YES;
				DEBUG_INFORMATION_FORMAT = "dwarf-with-dsym";
				ENABLE_NS_ASSERTIONS = NO;
				GCC_C_LANGUAGE_STANDARD = gnu99;
				GCC_ENABLE_OBJC_EXCEPTIONS = YES;
				GCC_OPTIMIZATION_LEVEL = 0;
				GCC_WARN_64_TO_32_BIT_CONVERSION = YES;
				GCC_WARN_ABOUT_RETURN_TYPE = YES_ERROR;
				GCC_WARN_UNDECLARED_SELECTOR = YES;
				GCC_WARN_UNINITIALIZED_AUTOS = YES_AGGRESSIVE;
				GCC_WARN_UNUSED_FUNCTION = YES;
				GCC_WARN_UNUSED_VARIABLE = YES;
				MACOSX_DEPLOYMENT_TARGET = 10.6;
				SDKROOT = macosx;
			};
			name = Release;
		};
		22B7479D18B8F5310019BC58 /* Debug */ = {
			isa = XCBuildConfiguration;
			buildSettings = {
				ARCHS = "$(ARCHS_STANDARD_32_64_BIT)";
				CLANG_ANALYZER_SECURITY_INSECUREAPI_RAND = YES;
				CLANG_ANALYZER_SECURITY_INSECUREAPI_STRCPY = YES;
				CLANG_CXX_LANGUAGE_STANDARD = "compiler-default";
				CLANG_WARN_IMPLICIT_SIGN_CONVERSION = YES;
				CLANG_WARN_SUSPICIOUS_IMPLICIT_CONVERSION = YES;
				CODE_SIGN_IDENTITY = "";
				GCC_WARN_ABOUT_MISSING_FIELD_INITIALIZERS = YES;
				GCC_WARN_ABOUT_MISSING_PROTOTYPES = YES;
				GCC_WARN_PEDANTIC = NO;
				LIBRARY_SEARCH_PATHS = (
					"$(inherited)",
					"$(SDKROOT)/usr/lib/system",
					"$(SDKROOT)/usr/lib/system/introspection",
					"$(PROJECT_DIR)",
					"$(PROJECT_DIR)/build/Universal",
				);
				ONLY_ACTIVE_ARCH = NO;
				OTHER_CFLAGS = "";
				OTHER_LDFLAGS = "-all_load";
				PRODUCT_NAME = "$(TARGET_NAME)";
				WARNING_CFLAGS = "";
			};
			name = Debug;
		};
		22B7479E18B8F5310019BC58 /* Release */ = {
			isa = XCBuildConfiguration;
			buildSettings = {
				ARCHS = "$(ARCHS_STANDARD_32_64_BIT)";
				CLANG_ANALYZER_SECURITY_INSECUREAPI_RAND = YES;
				CLANG_ANALYZER_SECURITY_INSECUREAPI_STRCPY = YES;
				CLANG_CXX_LANGUAGE_STANDARD = "compiler-default";
				CLANG_WARN_IMPLICIT_SIGN_CONVERSION = YES;
				CLANG_WARN_SUSPICIOUS_IMPLICIT_CONVERSION = YES;
				CODE_SIGN_IDENTITY = "";
				GCC_WARN_ABOUT_MISSING_FIELD_INITIALIZERS = YES;
				GCC_WARN_ABOUT_MISSING_PROTOTYPES = YES;
				GCC_WARN_PEDANTIC = NO;
				LIBRARY_SEARCH_PATHS = (
					"$(inherited)",
					"$(SDKROOT)/usr/lib/system",
					"$(SDKROOT)/usr/lib/system/introspection",
					"$(PROJECT_DIR)",
					"$(PROJECT_DIR)/build/Universal",
				);
				OTHER_CFLAGS = "";
				OTHER_LDFLAGS = "-all_load";
				PRODUCT_NAME = "$(TARGET_NAME)";
				WARNING_CFLAGS = "";
			};
			name = Release;
		};
/* End XCBuildConfiguration section */

/* Begin XCConfigurationList section */
		22B7478B18B8F5310019BC58 /* Build configuration list for PBXProject "machodiff" */ = {
			isa = XCConfigurationList;
			buildConfigurations = (
				22B7479A18B8F5310019BC58 /* Debug */,
				22B7479B18B8F5310019BC58 /* Release */,
			);
			defaultConfigurationIsVisible = 0;
			defaultConfigurationName = Release;
		};
		22B7479C18B8F5310019BC58 /* Build configuration list for PBXNativeTarget "machodiff" */ = {
			isa = XCConfigurationList;
			buildConfigurations = (
				22B7479D18B8F5310019BC58 /* Debug */,
				22B7479E18B8F5310019BC58 /* Release */,
			);
			defaultConfigurationIsVisible = 0;
			defaultConfigurationName = Release;
		};
/* End XCConfigurationList section */
	};
	rootObject = 22B7478818B8F5310019BC58 /* Project object */;
}
